
Microsoft Visual Studio Solution File, Format Version 12.00
# Visual Studio Version 17
VisualStudioVersion = 17.9.34616.47
MinimumVisualStudioVersion = 10.0.40219.1
Project("{FAE04EC0-301F-11D3-BF4B-00C04F79EFBC}") = "HashFill", "HashFill\HashFill.csproj", "{75BD4D30-C18F-4464-86FC-C4B9E9DD4645}"
EndProject
Global
	GlobalSection(SolutionConfigurationPlatforms) = preSolution
		Debug|Any CPU = Debug|Any CPU
		Release|Any CPU = Release|Any CPU
	EndGlobalSection
	GlobalSection(ProjectConfigurationPlatforms) = postSolution
		{75BD4D30-C18F-4464-86FC-C4B9E9DD4645}.Debug|Any CPU.ActiveCfg = Debug|Any CPU
		{75BD4D30-C18F-4464-86FC-C4B9E9DD4645}.Debug|Any CPU.Build.0 = Debug|Any CPU
		{75BD4D30-C18F-4464-86FC-C4B9E9DD4645}.Release|Any CPU.ActiveCfg = Release|Any CPU
		{75BD4D30-C18F-4464-86FC-C4B9E9DD4645}.Release|Any CPU.Build.0 = Release|Any CPU
	EndGlobalSection
	GlobalSection(SolutionProperties) = preSolution
		HideSolutionNode = FALSE
	EndGlobalSection
	GlobalSection(ExtensibilityGlobals) = postSolution
		SolutionGuid = {663B2EA3-E144-41FA-920C-55F1766FF2F1}
	EndGlobalSection
EndGlobal
